github.com/BurntSushi/toml v1.6.0 h1:dRaEfpa2VI55EwlIW72hMRHdWouJeRF7TPYhI+AUQjk=
github.com/BurntSushi/toml v1.6.0/go.mod h1:ukJfTF/6rtPPRCnwkur4qwRxa8vTRFBF0uk2lLoLwho=
github.com/ditashi/jsbeautifier-go v0.0.0-20141206144643-2520a8026a9c h1:+Zo5Ca9GH0RoeVZQKzFJcTLoAixx5s5Gq3pTIS+n354=
github.com/ditashi/jsbeautifier-go v0.0.0-20141206144643-2520a8026a9c/go.mod h1:HJGU9ULdREjOcVGZVPB5s6zYmHi1RxzT71l2wQyLmnE=
github.com/fsnotify/fsnotify v1.9.0 h1:2Ml+OJNzbYCTzsxtv8vKSFD9PbJjmhYF14k/jKC7S9k=
github.com/fsnotify/fsnotify v1.9.0/go.mod h1:8jBTzvmWwFyi3Pb8djgCCO5IBqzKJ/Jwo8TRcHyHii0=
github.com/odvcencio/gotreesitter v0.20.1 h1:h6aiS5AvXhpfCdLzOSQui8IYkJBmH+tZuujInZzVxFw=
github.com/odvcencio/gotreesitter v0.20.1/go.mod h1:hBVkghd0paaYAVwd2087vfwdeU984bQbMo9LvpE0moo=
github.com/odvcencio/gotreesitter v0.20.3-0.20260606061236-fe0f98993eed h1:3xAyMI5g0yUlHHNbr/unvdfnOLes4vXachreEa04VNQ=
github.com/odvcencio/gotreesitter v0.20.3-0.20260606061236-fe0f98993eed/go.mod h1:hBVkghd0paaYAVwd2087vfwdeU984bQbMo9LvpE0moo=
github.com/pkg/profile v1.6.0 h1:hUDfIISABYI59DyeB3OTay/HxSRwTQ8rB/H83k6r5dM=
github.com/pkg/profile v1.6.0/go.mod h1:qBsxPvzyUincmltOk6iyRVxHYg4adc0OFOv72ZdLa18=
github.com/slyrz/warc v0.0.0-20150806225202-a50edd19b690 h1:2RLSydlHktw3Fo4nwOQwjexn1d49KJb/i+EmlT4D878=
github.com/slyrz/warc v0.0.0-20150806225202-a50edd19b690/go.mod h1:LuhAhBK7l5/QEJmiz3tVGLi8n0IwqAwLX/ndr+6XSDE=
github.com/spf13/pflag v1.0.10 h1:4EBh2KAYBwaONj6b2Ye1GiHfwjqyROoF4RwYO+vPwFk=
github.com/spf13/pflag v1.0.10/go.mod h1:McXfInJRrz4CZXVZOBLb0bTZqETkiAhM9Iw0y3An2Bg=
golang.org/x/net v0.51.0 h1:94R/GTO7mt3/4wIKpcR5gkGmRLOuE/2hNGeWq/GBIFo=
golang.org/x/net v0.51.0/go.mod h1:aamm+2QF5ogm02fjy5Bb7CQ0WMt1/WVM7FtyaTLlA9Y=
golang.org/x/sys v0.41.0 h1:Ivj+2Cp/ylzLiEU89QhWblYnOE9zerudt9Ftecq2C6k=
golang.org/x/sys v0.41.0/go.mod h1:OgkHotnGiDImocRcuBABYBEXf8A9a87e/uXjp9XT3ks=
golang.org/x/text v0.34.0 h1:oL/Qq0Kdaqxa1KbNeMKwQq0reLCCaFtqu2eNuSeNHbk=
golang.org/x/text v0.34.0/go.mod h1:homfLqTYRFyVYemLBFl5GgL/DWEiH5wcsQ5gSh1yziA=
google.golang.org/genproto/googleapis/rpc v0.0.0-20260226221140-a57be14db171 h1:ggcbiqK8WWh6l1dnltU4BgWGIGo+EVYxCaAPih/zQXQ=
google.golang.org/genproto/googleapis/rpc v0.0.0-20260226221140-a57be14db171/go.mod h1:4Hqkh8ycfw05ld/3BWL7rJOSfebL2Q+DVDeRgYgxUU8=
google.golang.org/grpc v1.79.3 h1:sybAEdRIEtvcD68Gx7dmnwjZKlyfuc61Dyo9pGXXkKE=
google.golang.org/grpc v1.79.3/go.mod h1:KmT0Kjez+0dde/v2j9vzwoAScgEPx/Bw1CYChhHLrHQ=
google.golang.org/protobuf v1.36.11 h1:fV6ZwhNocDyBLK0dj+fg8ektcVegBBuEolpbTQyBNVE=
google.golang.org/protobuf v1.36.11/go.mod h1:HTf+CrKn2C3g5S8VImy6tdcUvCska2kB7j23XfzDpco=
m31labs.dev/arbiter v1.7.0 h1:98Ekg408Bn9WAPSbLYqau0lKxesc9FlMt57hS1ek/ZM=
m31labs.dev/arbiter v1.7.0/go.mod h1:VUoRZSRQUYpwsIaOcklySodfQQWVLJCrJ7XmPAVIyY0=
